// !$*UTF8*$!
{
	archiveVersion = 1;
	classes = {
	};
	objectVersion = 46;
	objects = {

/* Begin PBXBuildFile section */
		3B119CE41CD68FAA00F8703D /* SettingsViewController.swift in Sources */ = {isa = PBXBuildFile; fileRef = 3B119CE31CD68FAA00F8703D /* SettingsViewController.swift */; };
		3B119CE61CD718AB00F8703D /* UserDefaultHelper.swift in Sources */ = {isa = PBXBuildFile; fileRef = 3B119CE51CD718AB00F8703D /* UserDefaultHelper.swift */; };
		3B2198771CC6F8D8006BC999 /* AppDelegate.swift in Sources */ = {isa = PBXBuildFile; fileRef = 3B2198761CC6F8D8006BC999 /* AppDelegate.swift */; };
		3B2198791CC6F8D8006BC999 /* ViewController.swift in Sources */ = {isa = PBXBuildFile; fileRef = 3B2198781CC6F8D8006BC999 /* ViewController.swift */; };
		3B21987C1CC6F8D8006BC999 /* Main.storyboard in Resources */ = {isa = PBXBuildFile; fileRef = 3B21987A1CC6F8D8006BC999 /* Main.storyboard */; };
		3B21987E1CC6F8D8006BC999 /* Assets.xcassets in Resources */ = {isa = PBXBuildFile; fileRef = 3B21987D1CC6F8D8006BC999 /* Assets.xcassets */; };
		3B2198811CC6F8D8006BC999 /* LaunchScreen.storyboard in Resources */ = {isa = PBXBuildFile; fileRef = 3B21987F1CC6F8D8006BC999 /* LaunchScreen.storyboard */; };
		3B21988C1CC6F8D8006BC999 /* TipsTests.swift in Sources */ = {isa = PBXBuildFile; fileRef = 3B21988B1CC6F8D8006BC999 /* TipsTests.swift */; };
		3B2198971CC6F8D8006BC999 /* TipsUITests.swift in Sources */ = {isa = PBXBuildFile; fileRef = 3B2198961CC6F8D8006BC999 /* TipsUITests.swift */; };
/* End PBXBuildFile section */

/* Begin PBXContainerItemProxy section */
		3B2198881CC6F8D8006BC999 /* PBXContainerItemProxy */ = {
			isa = PBXContainerItemProxy;
			containerPortal = 3B21986B1CC6F8D8006BC999 /* Project object */;
			proxyType = 1;
			remoteGlobalIDString = 3B2198721CC6F8D8006BC999;
			remoteInfo = Tips;
		};
		3B2198931CC6F8D8006BC999 /* PBXContainerItemProxy */ = {
			isa = PBXContainerItemProxy;
			containerPortal = 3B21986B1CC6F8D8006BC999 /* Project object */;
			proxyType = 1;
			remoteGlobalIDString = 3B2198721CC6F8D8006BC999;
			remoteInfo = Tips;
		};
/* End PBXContainerItemProxy section */

/* Begin PBXFileReference section */
		3B119CE31CD68FAA00F8703D /* SettingsViewController.swift */ = {isa = PBXFileReference; fileEncoding = 4; lastKnownFileType = sourcecode.swift; path = SettingsViewController.swift; sourceTree = "<group>"; };
		3B119CE51CD718AB00F8703D /* UserDefaultHelper.swift */ = {isa = PBXFileReference; fileEncoding = 4; lastKnownFileType = sourcecode.swift; path = UserDefaultHelper.swift; sourceTree = "<group>"; };
		3B2198731CC6F8D8006BC999 /* Tips.app */ = {isa = PBXFileReference; explicitFileType = wrapper.application; includeInIndex = 0; path = Tips.app; sourceTree = BUILT_PRODUCTS_DIR; };
		3B2198761CC6F8D8006BC999 /* AppDelegate.swift */ = {isa = PBXFileReference; lastKnownFileType = sourcecode.swift; path = AppDelegate.swift; sourceTree = "<group>"; };
		3B2198781CC6F8D8006BC999 /* ViewController.swift */ = {isa = PBXFileReference; lastKnownFileType = sourcecode.swift; path = ViewController.swift; sourceTree = "<group>"; };
		3B21987B1CC6F8D8006BC999 /* Base */ = {isa = PBXFileReference; lastKnownFileType = file.storyboard; name = Base; path = Base.lproj/Main.storyboard; sourceTree = "<group>"; };
		3B21987D1CC6F8D8006BC999 /* Assets.xcassets */ = {isa = PBXFileReference; lastKnownFileType = folder.assetcatalog; path = Assets.xcassets; sourceTree = "<group>"; };
		3B2198801CC6F8D8006BC999 /* Base */ = {isa = PBXFileReference; lastKnownFileType = file.storyboard; name = Base; path = Base.lproj/LaunchScreen.storyboard; sourceTree = "<group>"; };
		3B2198821CC6F8D8006BC999 /* Info.plist */ = {isa = PBXFileReference; lastKnownFileType = text.plist.xml; path = Info.plist; sourceTree = "<group>"; };
		3B2198871CC6F8D8006BC999 /* TipsTests.xctest */ = {isa = PBXFileReference; explicitFileType = wrapper.cfbundle; includeInIndex = 0; path = TipsTests.xctest; sourceTree = BUILT_PRODUCTS_DIR; };
		3B21988B1CC6F8D8006BC999 /* TipsTests.swift */ = {isa = PBXFileReference; lastKnownFileType = sourcecode.swift; path = TipsTests.swift; sourceTree = "<group>"; };
		3B21988D1CC6F8D8006BC999 /* Info.plist */ = {isa = PBXFileReference; lastKnownFileType = text.plist.xml; path = Info.plist; sourceTree = "<group>"; };
		3B2198921CC6F8D8006BC999 /* TipsUITests.xctest */ = {isa = PBXFileReference; explicitFileType = wrapper.cfbundle; includeInIndex = 0; path = TipsUITests.xctest; sourceTree = BUILT_PRODUCTS_DIR; };
		3B2198961CC6F8D8006BC999 /* TipsUITests.swift */ = {isa = PBXFileReference; lastKnownFileType = sourcecode.swift; path = TipsUITests.swift; sourceTree = "<group>"; };
		3B2198981CC6F8D8006BC999 /* Info.plist */ = {isa = PBXFileReference; lastKnownFileType = text.plist.xml; path = Info.plist; sourceTree = "<group>"; };
/* End PBXFileReference section */

/* Begin PBXFrameworksBuildPhase section */
		3B2198701CC6F8D8006BC999 /* Frameworks */ = {
			isa = PBXFrameworksBuildPhase;
			buildActionMask = 2147483647;
			files = (
			);
			runOnlyForDeploymentPostprocessing = 0;
		};
		3B2198841CC6F8D8006BC999 /* Frameworks */ = {
			isa = PBXFrameworksBuildPhase;
			buildActionMask = 2147483647;
			files = (
			);
			runOnlyForDeploymentPostprocessing = 0;
		};
		3B21988F1CC6F8D8006BC999 /* Frameworks */ = {
			isa = PBXFrameworksBuildPhase;
			buildActionMask = 2147483647;
			files = (
			);
			runOnlyForDeploymentPostprocessing = 0;
		};
/* End PBXFrameworksBuildPhase section */

/* Begin PBXGroup section */
		3B21986A1CC6F8D8006BC999 = {
			isa = PBXGroup;
			children = (
				3B2198751CC6F8D8006BC999 /* Tips */,
				3B21988A1CC6F8D8006BC999 /* TipsTests */,
				3B2198951CC6F8D8006BC999 /* TipsUITests */,
				3B2198741CC6F8D8006BC999 /* Products */,
			);
			sourceTree = "<group>";
		};
		3B2198741CC6F8D8006BC999 /* Products */ = {
			isa = PBXGroup;
			children = (
				3B2198731CC6F8D8006BC999 /* Tips.app */,
				3B2198871CC6F8D8006BC999 /* TipsTests.xctest */,
				3B2198921CC6F8D8006BC999 /* TipsUITests.xctest */,
			);
			name = Products;
			sourceTree = "<group>";
		};
		3B2198751CC6F8D8006BC999 /* Tips */ = {
			isa = PBXGroup;
			children = (
				3B2198761CC6F8D8006BC999 /* AppDelegate.swift */,
				3B2198781CC6F8D8006BC999 /* ViewController.swift */,
				3B21987A1CC6F8D8006BC999 /* Main.storyboard */,
				3B119CE31CD68FAA00F8703D /* SettingsViewController.swift */,
				3B21987D1CC6F8D8006BC999 /* Assets.xcassets */,
				3B21987F1CC6F8D8006BC999 /* LaunchScreen.storyboard */,
				3B2198821CC6F8D8006BC999 /* Info.plist */,
				3B119CE51CD718AB00F8703D /* UserDefaultHelper.swift */,
			);
			path = Tips;
			sourceTree = "<group>";
		};
		3B21988A1CC6F8D8006BC999 /* TipsTests */ = {
			isa = PBXGroup;
			children = (
				3B21988B1CC6F8D8006BC999 /* TipsTests.swift */,
				3B21988D1CC6F8D8006BC999 /* Info.plist */,
			);
			path = TipsTests;
			sourceTree = "<group>";
		};
		3B2198951CC6F8D8006BC999 /* TipsUITests */ = {
			isa = PBXGroup;
			children = (
				3B2198961CC6F8D8006BC999 /* TipsUITests.swift */,
				3B2198981CC6F8D8006BC999 /* Info.plist */,
			);
			path = TipsUITests;
			sourceTree = "<group>";
		};
/* End PBXGroup section */

/* Begin PBXNativeTarget section */
		3B2198721CC6F8D8006BC999 /* Tips */ = {
			isa = PBXNativeTarget;
			buildConfigurationList = 3B21989B1CC6F8D8006BC999 /* Build configuration list for PBXNativeTarget "Tips" */;
			buildPhases = (
				3B21986F1CC6F8D8006BC999 /* Sources */,
				3B2198701CC6F8D8006BC999 /* Frameworks */,
				3B2198711CC6F8D8006BC999 /* Resources */,
			);
			buildRules = (
			);
			dependencies = (
			);
			name = Tips;
			productName = Tips;
			productReference = 3B2198731CC6F8D8006BC999 /* Tips.app */;
			productType = "com.apple.product-type.application";
		};
		3B2198861CC6F8D8006BC999 /* TipsTests */ = {
			isa = PBXNativeTarget;
			buildConfigurationList = 3B21989E1CC6F8D8006BC999 /* Build configuration list for PBXNativeTarget "TipsTests" */;
			buildPhases = (
				3B2198831CC6F8D8006BC999 /* Sources */,
				3B2198841CC6F8D8006BC999 /* Frameworks */,
				3B2198851CC6F8D8006BC999 /* Resources */,
			);
			buildRules = (
			);
			dependencies = (
				3B2198891CC6F8D8006BC999 /* PBXTargetDependency */,
			);
			name = TipsTests;
			productName = TipsTests;
			productReference = 3B2198871CC6F8D8006BC999 /* TipsTests.xctest */;
			productType = "com.apple.product-type.bundle.unit-test";
		};
		3B2198911CC6F8D8006BC999 /* TipsUITests */ = {
			isa = PBXNativeTarget;
			buildConfigurationList = 3B2198A11CC6F8D8006BC999 /* Build configuration list for PBXNativeTarget "TipsUITests" */;
			buildPhases = (
				3B21988E1CC6F8D8006BC999 /* Sources */,
				3B21988F1CC6F8D8006BC999 /* Frameworks */,
				3B2198901CC6F8D8006BC999 /* Resources */,
			);
			buildRules = (
			);
			dependencies = (
				3B2198941CC6F8D8006BC999 /* PBXTargetDependency */,
			);
			name = TipsUITests;
			productName = TipsUITests;
			productReference = 3B2198921CC6F8D8006BC999 /* TipsUITests.xctest */;
			productType = "com.apple.product-type.bundle.ui-testing";
		};
/* End PBXNativeTarget section */

/* Begin PBXProject section */
		3B21986B1CC6F8D8006BC999 /* Project object */ = {
			isa = PBXProject;
			attributes = {
				LastSwiftUpdateCheck = 0730;
				LastUpgradeCheck = 0730;
				ORGANIZATIONNAME = codepath;
				TargetAttributes = {
					3B2198721CC6F8D8006BC999 = {
						CreatedOnToolsVersion = 7.3;
						DevelopmentTeam = V32NK87223;
					};
					3B2198861CC6F8D8006BC999 = {
						CreatedOnToolsVersion = 7.3;
						TestTargetID = 3B2198721CC6F8D8006BC999;
					};
					3B2198911CC6F8D8006BC999 = {
						CreatedOnToolsVersion = 7.3;
						TestTargetID = 3B2198721CC6F8D8006BC999;
					};
				};
			};
			buildConfigurationList = 3B21986E1CC6F8D8006BC999 /* Build configuration list for PBXProject "Tips" */;
			compatibilityVersion = "Xcode 3.2";
			developmentRegion = English;
			hasScannedForEncodings = 0;
			knownRegions = (
				en,
				Base,
			);
			mainGroup = 3B21986A1CC6F8D8006BC999;
			productRefGroup = 3B2198741CC6F8D8006BC999 /* Products */;
			projectDirPath = "";
			projectRoot = "";
			targets = (
				3B2198721CC6F8D8006BC999 /* Tips */,
				3B2198861CC6F8D8006BC999 /* TipsTests */,
				3B2198911CC6F8D8006BC999 /* TipsUITests */,
			);
		};
/* End PBXProject section */

/* Begin PBXResourcesBuildPhase section */
		3B2198711CC6F8D8006BC999 /* Resources */ = {
			isa = PBXResourcesBuildPhase;
			buildActionMask = 2147483647;
			files = (
				3B2198811CC6F8D8006BC999 /* LaunchScreen.storyboard in Resources */,
				3B21987E1CC6F8D8006BC999 /* Assets.xcassets in Resources */,
				3B21987C1CC6F8D8006BC999 /* Main.storyboard in Resources */,
			);
			runOnlyForDeploymentPostprocessing = 0;
		};
		3B2198851CC6F8D8006BC999 /* Resources */ = {
			isa = PBXResourcesBuildPhase;
			buildActionMask = 2147483647;
			files = (
			);
			runOnlyForDeploymentPostprocessing = 0;
		};
		3B2198901CC6F8D8006BC999 /* Resources */ = {
			isa = PBXResourcesBuildPhase;
			buildActionMask = 2147483647;
			files = (
			);
			runOnlyForDeploymentPostprocessing = 0;
		};
/* End PBXResourcesBuildPhase section */

/* Begin PBXSourcesBuildPhase section */
		3B21986F1CC6F8D8006BC999 /* Sources */ = {
			isa = PBXSourcesBuildPhase;
			buildActionMask = 2147483647;
			files = (
				3B2198791CC6F8D8006BC999 /* ViewController.swift in Sources */,
				3B2198771CC6F8D8006BC999 /* AppDelegate.swift in Sources */,
				3B119CE61CD718AB00F8703D /* UserDefaultHelper.swift in Sources */,
				3B119CE41CD68FAA00F8703D /* SettingsViewController.swift in Sources */,
			);
			runOnlyForDeploymentPostprocessing = 0;
		};
		3B2198831CC6F8D8006BC999 /* Sources */ = {
			isa = PBXSourcesBuildPhase;
			buildActionMask = 2147483647;
			files = (
				3B21988C1CC6F8D8006BC999 /* TipsTests.swift in Sources */,
			);
			runOnlyForDeploymentPostprocessing = 0;
		};
		3B21988E1CC6F8D8006BC999 /* Sources */ = {
			isa = PBXSourcesBuildPhase;
			buildActionMask = 2147483647;
			files = (
				3B2198971CC6F8D8006BC999 /* TipsUITests.swift in Sources */,
			);
			runOnlyForDeploymentPostprocessing = 0;
		};
/* End PBXSourcesBuildPhase section */

/* Begin PBXTargetDependency section */
		3B2198891CC6F8D8006BC999 /* PBXTargetDependency */ = {
			isa = PBXTargetDependency;
			target = 3B2198721CC6F8D8006BC999 /* Tips */;
			targetProxy = 3B2198881CC6F8D8006BC999 /* PBXContainerItemProxy */;
		};
		3B2198941CC6F8D8006BC999 /* PBXTargetDependency */ = {
			isa = PBXTargetDependency;
			target = 3B2198721CC6F8D8006BC999 /* Tips */;
			targetProxy = 3B2198931CC6F8D8006BC999 /* PBXContainerItemProxy */;
		};
/* End PBXTargetDependency section */

/* Begin PBXVariantGroup section */
		3B21987A1CC6F8D8006BC999 /* Main.storyboard */ = {
			isa = PBXVariantGroup;
			children = (
				3B21987B1CC6F8D8006BC999 /* Base */,
			);
			name = Main.storyboard;
			sourceTree = "<group>";
		};
		3B21987F1CC6F8D8006BC999 /* LaunchScreen.storyboard */ = {
			isa = PBXVariantGroup;
			children = (
				3B2198801CC6F8D8006BC999 /* Base */,
			);
			name = LaunchScreen.storyboard;
			sourceTree = "<group>";
		};
/* End PBXVariantGroup section */

/* Begin XCBuildConfiguration section */
		3B2198991CC6F8D8006BC999 /* Debug */ = {
			isa = XCBuildConfiguration;
			buildSettings = {
				ALWAYS_SEARCH_USER_PATHS = NO;
				CLANG_ANALYZER_NONNULL = YES;
				CLANG_CXX_LANGUAGE_STANDARD = "gnu++0x";
				CLANG_CXX_LIBRARY = "libc++";
				CLANG_ENABLE_MODULES = YES;
				CLANG_ENABLE_OBJC_ARC = YES;
				CLANG_WARN_BOOL_CONVERSION = YES;
				CLANG_WARN_CONSTANT_CONVERSION = YES;
				CLANG_WARN_DIRECT_OBJC_ISA_USAGE = YES_ERROR;
				CLANG_WARN_EMPTY_BODY = YES;
				CLANG_WARN_ENUM_CONVERSION = YES;
				CLANG_WARN_INT_CONVERSION = YES;
				CLANG_WARN_OBJC_ROOT_CLASS = YES_ERROR;
				CLANG_WARN_UNREACHABLE_CODE = YES;
				CLANG_WARN__DUPLICATE_METHOD_MATCH = YES;
				"CODE_SIGN_IDENTITY[sdk=iphoneos*]" = "iPhone Developer";
				COPY_PHASE_STRIP = NO;
				DEBUG_INFORMATION_FORMAT = dwarf;
				ENABLE_STRICT_OBJC_MSGSEND = YES;
				ENABLE_TESTABILITY = YES;
				GCC_C_LANGUAGE_STANDARD = gnu99;
				GCC_DYNAMIC_NO_PIC = NO;
				GCC_NO_COMMON_BLOCKS = YES;
				GCC_OPTIMIZATION_LEVEL = 0;
				GCC_PREPROCESSOR_DEFINITIONS = (
					"DEBUG=1",
					"$(inherited)",
				);
				GCC_WARN_64_TO_32_BIT_CONVERSION = YES;
				GCC_WARN_ABOUT_RETURN_TYPE = YES_ERROR;
				GCC_WARN_UNDECLARED_SELECTOR = YES;
				GCC_WARN_UNINITIALIZED_AUTOS = YES_AGGRESSIVE;
				GCC_WARN_UNUSED_FUNCTION = YES;
				GCC_WARN_UNUSED_VARIABLE = YES;
				IPHONEOS_DEPLOYMENT_TARGET = 9.3;
				MTL_ENABLE_DEBUG_INFO = YES;
				ONLY_ACTIVE_ARCH = YES;
				SDKROOT = iphoneos;
				SWIFT_OPTIMIZATION_LEVEL = "-Onone";
			};
			name = Debug;
		};
		3B21989A1CC6F8D8006BC999 /* Release */ = {
			isa = XCBuildConfiguration;
			buildSettings = {
				ALWAYS_SEARCH_USER_PATHS = NO;
				CLANG_ANALYZER_NONNULL = YES;
				CLANG_CXX_LANGUAGE_STANDARD = "gnu++0x";
				CLANG_CXX_LIBRARY = "libc++";
				CLANG_ENABLE_MODULES = YES;
				CLANG_ENABLE_OBJC_ARC = YES;
				CLANG_WARN_BOOL_CONVERSION = YES;
				CLANG_WARN_CONSTANT_CONVERSION = YES;
				CLANG_WARN_DIRECT_OBJC_ISA_USAGE = YES_ERROR;
				CLANG_WARN_EMPTY_BODY = YES;
				CLANG_WARN_ENUM_CONVERSION = YES;
				CLANG_WARN_INT_CONVERSION = YES;
				CLANG_WARN_OBJC_ROOT_CLASS = YES_ERROR;
				CLANG_WARN_UNREACHABLE_CODE = YES;
				CLANG_WARN__DUPLICATE_METHOD_MATCH = YES;
				"CODE_SIGN_IDENTITY[sdk=iphoneos*]" = "iPhone Developer";
				COPY_PHASE_STRIP = NO;
				DEBUG_INFORMATION_FORMAT = "dwarf-with-dsym";
				ENABLE_NS_ASSERTIONS = NO;
				ENABLE_STRICT_OBJC_MSGSEND = YES;
				GCC_C_LANGUAGE_STANDARD = gnu99;
				GCC_NO_COMMON_BLOCKS = YES;
				GCC_WARN_64_TO_32_BIT_CONVERSION = YES;
				GCC_WARN_ABOUT_RETURN_TYPE = YES_ERROR;
				GCC_WARN_UNDECLARED_SELECTOR = YES;
				GCC_WARN_UNINITIALIZED_AUTOS = YES_AGGRESSIVE;
				GCC_WARN_UNUSED_FUNCTION = YES;
				GCC_WARN_UNUSED_VARIABLE = YES;
				IPHONEOS_DEPLOYMENT_TARGET = 9.3;
				MTL_ENABLE_DEBUG_INFO = NO;
				SDKROOT = iphoneos;
				VALIDATE_PRODUCT = YES;
			};
			name = Release;
		};
		3B21989C1CC6F8D8006BC999 /* Debug */ = {
			isa = XCBuildConfiguration;
			buildSettings = {
				ASSETCATALOG_COMPILER_APPICON_NAME = AppIcon;
				CODE_SIGN_IDENTITY = "iPhone Developer";
				"CODE_SIGN_IDENTITY[sdk=iphoneos*]" = "iPhone Developer";
				INFOPLIST_FILE = Tips/Info.plist;
				IPHONEOS_DEPLOYMENT_TARGET = 9.2;
				LD_RUNPATH_SEARCH_PATHS = "$(inherited) @executable_path/Frameworks";
				PRODUCT_BUNDLE_IDENTIFIER = com.codepath.Tips;
				PRODUCT_NAME = "$(TARGET_NAME)";
				PROVISIONING_PROFILE = "";
			};
			name = Debug;
		};
		3B21989D1CC6F8D8006BC999 /* Release */ = {
			isa = XCBuildConfiguration;
			buildSettings = {
				ASSETCATALOG_COMPILER_APPICON_NAME = AppIcon;
				CODE_SIGN_IDENTITY = "iPhone Developer";
				"CODE_SIGN_IDENTITY[sdk=iphoneos*]" = "iPhone Developer";
				INFOPLIST_FILE = Tips/Info.plist;
				IPHONEOS_DEPLOYMENT_TARGET = 9.2;
				LD_RUNPATH_SEARCH_PATHS = "$(inherited) @executable_path/Frameworks";
				PRODUCT_BUNDLE_IDENTIFIER = com.codepath.Tips;
				PRODUCT_NAME = "$(TARGET_NAME)";
				PROVISIONING_PROFILE = "";
			};
			name = Release;
		};
		3B21989F1CC6F8D8006BC999 /* Debug */ = {
			isa = XCBuildConfiguration;
			buildSettings = {
				BUNDLE_LOADER = "$(TEST_HOST)";
				INFOPLIST_FILE = TipsTests/Info.plist;
				LD_RUNPATH_SEARCH_PATHS = "$(inherited) @executable_path/Frameworks @loader_path/Frameworks";
				PRODUCT_BUNDLE_IDENTIFIER = com.codepath.TipsTests;
				PRODUCT_NAME = "$(TARGET_NAME)";
				TEST_HOST = "$(BUILT_PRODUCTS_DIR)/Tips.app/Tips";
			};
			name = Debug;
		};
		3B2198A01CC6F8D8006BC999 /* Release */ = {
			isa = XCBuildConfiguration;
			buildSettings = {
				BUNDLE_LOADER = "$(TEST_HOST)";
				INFOPLIST_FILE = TipsTests/Info.plist;
				LD_RUNPATH_SEARCH_PATHS = "$(inherited) @executable_path/Frameworks @loader_path/Frameworks";
				PRODUCT_BUNDLE_IDENTIFIER = com.codepath.TipsTests;
				PRODUCT_NAME = "$(TARGET_NAME)";
				TEST_HOST = "$(BUILT_PRODUCTS_DIR)/Tips.app/Tips";
			};
			name = Release;
		};
		3B2198A21CC6F8D8006BC999 /* Debug */ = {
			isa = XCBuildConfiguration;
			buildSettings = {
				INFOPLIST_FILE = TipsUITests/Info.plist;
				LD_RUNPATH_SEARCH_PATHS = "$(inherited) @executable_path/Frameworks @loader_path/Frameworks";
				PRODUCT_BUNDLE_IDENTIFIER = com.codepath.TipsUITests;
				PRODUCT_NAME = "$(TARGET_NAME)";
				TEST_TARGET_NAME = Tips;
			};
			name = Debug;
		};
		3B2198A31CC6F8D8006BC999 /* Release */ = {
			isa = XCBuildConfiguration;
			buildSettings = {
				INFOPLIST_FILE = TipsUITests/Info.plist;
				LD_RUNPATH_SEARCH_PATHS = "$(inherited) @executable_path/Frameworks @loader_path/Frameworks";
				PRODUCT_BUNDLE_IDENTIFIER = com.codepath.TipsUITests;
				PRODUCT_NAME = "$(TARGET_NAME)";
				TEST_TARGET_NAME = Tips;
			};
			name = Release;
		};
/* End XCBuildConfiguration section */

/* Begin XCConfigurationList section */
		3B21986E1CC6F8D8006BC999 /* Build configuration list for PBXProject "Tips" */ = {
			isa = XCConfigurationList;
			buildConfigurations = (
				3B2198991CC6F8D8006BC999 /* Debug */,
				3B21989A1CC6F8D8006BC999 /* Release */,
			);
			defaultConfigurationIsVisible = 0;
			defaultConfigurationName = Release;
		};
		3B21989B1CC6F8D8006BC999 /* Build configuration list for PBXNativeTarget "Tips" */ = {
			isa = XCConfigurationList;
			buildConfigurations = (
				3B21989C1CC6F8D8006BC999 /* Debug */,
				3B21989D1CC6F8D8006BC999 /* Release */,
			);
			defaultConfigurationIsVisible = 0;
			defaultConfigurationName = Release;
		};
		3B21989E1CC6F8D8006BC999 /* Build configuration list for PBXNativeTarget "TipsTests" */ = {
			isa = XCConfigurationList;
			buildConfigurations = (
				3B21989F1CC6F8D8006BC999 /* Debug */,
				3B2198A01CC6F8D8006BC999 /* Release */,
			);
			defaultConfigurationIsVisible = 0;
			defaultConfigurationName = Release;
		};
		3B2198A11CC6F8D8006BC999 /* Build configuration list for PBXNativeTarget "TipsUITests" */ = {
			isa = XCConfigurationList;
			buildConfigurations = (
				3B2198A21CC6F8D8006BC999 /* Debug */,
				3B2198A31CC6F8D8006BC999 /* Release */,
			);
			defaultConfigurationIsVisible = 0;
			defaultConfigurationName = Release;
		};
/* End XCConfigurationList section */
	};
	rootObject = 3B21986B1CC6F8D8006BC999 /* Project object */;
}
